
Microsoft Visual Studio Solution File, Format Version 12.00
# Visual Studio Version 17
VisualStudioVersion = 17.8.34408.163
MinimumVisualStudioVersion = 10.0.40219.1
Project("{FAE04EC0-301F-11D3-BF4B-00C04F79EFBC}") = "DisKlinikOtomasyon", "DisKlinikOtomasyon\DisKlinikOtomasyon.csproj", "{C0740332-AC1F-4133-9053-63E48D8E9D7C}"
EndProject
Global
	GlobalSection(SolutionConfigurationPlatforms) = preSolution
		Debug|Any CPU = Debug|Any CPU
		Release|Any CPU = Release|Any CPU
	EndGlobalSection
	GlobalSection(ProjectConfigurationPlatforms) = postSolution
		{C0740332-AC1F-4133-9053-63E48D8E9D7C}.Debug|Any CPU.ActiveCfg = Debug|Any CPU
		{C0740332-AC1F-4133-9053-63E48D8E9D7C}.Debug|Any CPU.Build.0 = Debug|Any CPU
		{C0740332-AC1F-4133-9053-63E48D8E9D7C}.Release|Any CPU.ActiveCfg = Release|Any CPU
		{C0740332-AC1F-4133-9053-63E48D8E9D7C}.Release|Any CPU.Build.0 = Release|Any CPU
	EndGlobalSection
	GlobalSection(SolutionProperties) = preSolution
		HideSolutionNode = FALSE
	EndGlobalSection
	GlobalSection(ExtensibilityGlobals) = postSolution
		SolutionGuid = {6113D51B-9795-463E-B688-FF91B07060E1}
	EndGlobalSection
EndGlobal
